{
  "name": "react-pixi-rope-example",
  "version": "1.0.0",
  "lockfileVersion": 1,
  "requires": true,
  "dependencies": {
    "@pixi/mesh": {
      "version": "6.5.4",
      "resolved": "https://npm.core-gaming.io/@pixi%2fmesh/-/mesh-6.5.4.tgz",
      "integrity": "sha512-JxtMHJWeO0QfSMrlwA9lvTkUS3JDVlELQMDzv1L/POWvlm2DEKHbDapCFTe3SLoHTuzD7d2Ioxw6WL0Ww1rKCA=="
    }
  }
}
